{
  "version": 4,
  "terraform_version": "1.14.6",
  "serial": 20,
  "lineage": "48ff9dd6-fecb-2648-dd06-392bba6d1d73",
  "outputs": {
    "network_id": {
      "value": "69a3ba1b-d576-47b4-a69a-256c37530cdd",
      "type": "string"
    },
    "project_name": {
      "value": "admin",
      "type": "string"
    },
    "router_id": {
      "value": "6aeaca58-2417-4d34-b35f-2eeb6e46be03",
      "type": "string"
    },
    "security_group_id": {
      "value": "a8a28c9b-d836-45fe-a3e6-abf59942e66f",
      "type": "string"
    },
    "subnet_id": {
      "value": "3a595267-7f15-4bbb-bc98-6167a28e85bc",
      "type": "string"
    }
  },
  "resources": [
    {
      "module": "module.network",
      "mode": "managed",
      "type": "openstack_networking_network_v2",
      "name": "private",
      "provider": "provider[\"registry.terraform.io/terraform-provider-openstack/openstack\"]",
      "instances": [
        {
          "schema_version": 0,
          "attributes": {
            "admin_state_up": true,
            "all_tags": [],
            "availability_zone_hints": [],
            "description": "",
            "dns_domain": "",
            "external": false,
            "id": "69a3ba1b-d576-47b4-a69a-256c37530cdd",
            "mtu": 1450,
            "name": "migrator-private",
            "port_security_enabled": true,
            "qos_policy_id": "",
            "region": "RegionOne",
            "segments": [
              {
                "network_type": "vxlan",
                "physical_network": "",
                "segmentation_id": 561
              }
            ],
            "shared": false,
            "tags": [],
            "tenant_id": "5740943465ca4c5aa496a21f626655c3",
            "timeouts": null,
            "transparent_vlan": false,
            "value_specs": null
          },
          "sensitive_attributes": [],
          "identity_schema_version": 0,
          "private": "eyJlMmJmYjczMC1lY2FhLTExZTYtOGY4OC0zNDM2M2JjN2M0YzAiOnsiY3JlYXRlIjo2MDAwMDAwMDAwMDAsImRlbGV0ZSI6NjAwMDAwMDAwMDAwfX0="
        }
      ]
    },
    {
      "module": "module.network",
      "mode": "managed",
      "type": "openstack_networking_router_interface_v2",
      "name": "router_if",
      "provider": "provider[\"registry.terraform.io/terraform-provider-openstack/openstack\"]",
      "instances": [
        {
          "schema_version": 0,
          "attributes": {
            "force_destroy": false,
            "id": "97b1782f-ebb0-45b8-9210-9b638aa3da28",
            "port_id": "97b1782f-ebb0-45b8-9210-9b638aa3da28",
            "region": "RegionOne",
            "router_id": "6aeaca58-2417-4d34-b35f-2eeb6e46be03",
            "subnet_id": "3a595267-7f15-4bbb-bc98-6167a28e85bc",
            "timeouts": null
          },
          "sensitive_attributes": [],
          "identity_schema_version": 0,
          "private": "eyJlMmJmYjczMC1lY2FhLTExZTYtOGY4OC0zNDM2M2JjN2M0YzAiOnsiY3JlYXRlIjo2MDAwMDAwMDAwMDAsImRlbGV0ZSI6NjAwMDAwMDAwMDAwfX0=",
          "dependencies": [
            "module.network.openstack_networking_network_v2.private",
            "module.network.openstack_networking_router_v2.router",
            "module.network.openstack_networking_subnet_v2.private"
          ]
        }
      ]
    },
    {
      "module": "module.network",
      "mode": "managed",
      "type": "openstack_networking_router_v2",
      "name": "router",
      "provider": "provider[\"registry.terraform.io/terraform-provider-openstack/openstack\"]",
      "instances": [
        {
          "schema_version": 0,
          "attributes": {
            "admin_state_up": true,
            "all_tags": [],
            "availability_zone_hints": [],
            "description": "",
            "distributed": false,
            "enable_snat": true,
            "external_fixed_ip": [
              {
                "ip_address": "172.24.4.158",
                "subnet_id": "8afe190f-81e7-4623-aa07-ca592c1688c6"
              },
              {
                "ip_address": "2001:db8::30c",
                "subnet_id": "f9227748-9045-46a5-9e82-13dc98b6f2d3"
              }
            ],
            "external_network_id": "baab1c6a-ddd9-4b44-8221-4248544317cc",
            "external_subnet_ids": null,
            "id": "6aeaca58-2417-4d34-b35f-2eeb6e46be03",
            "name": "migrator-router",
            "region": "RegionOne",
            "tags": null,
            "tenant_id": "5740943465ca4c5aa496a21f626655c3",
            "timeouts": null,
            "value_specs": null,
            "vendor_options": []
          },
          "sensitive_attributes": [],
          "identity_schema_version": 0,
          "private": "eyJlMmJmYjczMC1lY2FhLTExZTYtOGY4OC0zNDM2M2JjN2M0YzAiOnsiY3JlYXRlIjo2MDAwMDAwMDAwMDAsImRlbGV0ZSI6NjAwMDAwMDAwMDAwfX0="
        }
      ]
    },
    {
      "module": "module.network",
      "mode": "managed",
      "type": "openstack_networking_subnet_v2",
      "name": "private",
      "provider": "provider[\"registry.terraform.io/terraform-provider-openstack/openstack\"]",
      "instances": [
        {
          "schema_version": 0,
          "attributes": {
            "all_tags": [],
            "allocation_pool": [
              {
                "end": "10.30.0.254",
                "start": "10.30.0.2"
              }
            ],
            "cidr": "10.30.0.0/24",
            "description": "",
            "dns_nameservers": [
              "8.8.8.8",
              "1.1.1.1"
            ],
            "dns_publish_fixed_ip": false,
            "enable_dhcp": true,
            "gateway_ip": "10.30.0.1",
            "id": "3a595267-7f15-4bbb-bc98-6167a28e85bc",
            "ip_version": 4,
            "ipv6_address_mode": "",
            "ipv6_ra_mode": "",
            "name": "migrator-subnet",
            "network_id": "69a3ba1b-d576-47b4-a69a-256c37530cdd",
            "no_gateway": false,
            "prefix_length": null,
            "region": "RegionOne",
            "service_types": [],
            "subnetpool_id": "",
            "tags": [],
            "tenant_id": "5740943465ca4c5aa496a21f626655c3",
            "timeouts": null,
            "value_specs": null
          },
          "sensitive_attributes": [],
          "identity_schema_version": 0,
          "private": "eyJlMmJmYjczMC1lY2FhLTExZTYtOGY4OC0zNDM2M2JjN2M0YzAiOnsiY3JlYXRlIjo2MDAwMDAwMDAwMDAsImRlbGV0ZSI6NjAwMDAwMDAwMDAwfX0=",
          "dependencies": [
            "module.network.openstack_networking_network_v2.private"
          ]
        }
      ]
    },
    {
      "module": "module.security_groups",
      "mode": "managed",
      "type": "openstack_networking_secgroup_rule_v2",
      "name": "ingress_icmp",
      "provider": "provider[\"registry.terraform.io/terraform-provider-openstack/openstack\"]",
      "instances": [
        {
          "schema_version": 0,
          "attributes": {
            "description": "",
            "direction": "ingress",
            "ethertype": "IPv4",
            "id": "48888afe-95e1-485a-9455-78c923a91bd9",
            "port_range_max": 0,
            "port_range_min": 0,
            "protocol": "icmp",
            "region": "RegionOne",
            "remote_group_id": "",
            "remote_ip_prefix": "0.0.0.0/0",
            "security_group_id": "a8a28c9b-d836-45fe-a3e6-abf59942e66f",
            "tenant_id": "5740943465ca4c5aa496a21f626655c3",
            "timeouts": null
          },
          "sensitive_attributes": [],
          "identity_schema_version": 0,
          "private": "eyJlMmJmYjczMC1lY2FhLTExZTYtOGY4OC0zNDM2M2JjN2M0YzAiOnsiZGVsZXRlIjo2MDAwMDAwMDAwMDB9fQ==",
          "dependencies": [
            "module.security_groups.openstack_networking_secgroup_v2.default"
          ]
        }
      ]
    },
    {
      "module": "module.security_groups",
      "mode": "managed",
      "type": "openstack_networking_secgroup_rule_v2",
      "name": "ingress_ssh",
      "provider": "provider[\"registry.terraform.io/terraform-provider-openstack/openstack\"]",
      "instances": [
        {
          "schema_version": 0,
          "attributes": {
            "description": "",
            "direction": "ingress",
            "ethertype": "IPv4",
            "id": "1467a914-58a3-43ec-aa57-28036519bd3f",
            "port_range_max": 22,
            "port_range_min": 22,
            "protocol": "tcp",
            "region": "RegionOne",
            "remote_group_id": "",
            "remote_ip_prefix": "0.0.0.0/0",
            "security_group_id": "a8a28c9b-d836-45fe-a3e6-abf59942e66f",
            "tenant_id": "5740943465ca4c5aa496a21f626655c3",
            "timeouts": null
          },
          "sensitive_attributes": [],
          "identity_schema_version": 0,
          "private": "eyJlMmJmYjczMC1lY2FhLTExZTYtOGY4OC0zNDM2M2JjN2M0YzAiOnsiZGVsZXRlIjo2MDAwMDAwMDAwMDB9fQ==",
          "dependencies": [
            "module.security_groups.openstack_networking_secgroup_v2.default"
          ]
        }
      ]
    },
    {
      "module": "module.security_groups",
      "mode": "managed",
      "type": "openstack_networking_secgroup_v2",
      "name": "default",
      "provider": "provider[\"registry.terraform.io/terraform-provider-openstack/openstack\"]",
      "instances": [
        {
          "schema_version": 0,
          "attributes": {
            "all_tags": [],
            "delete_default_rules": null,
            "description": "Security group managed by vm-migrator",
            "id": "a8a28c9b-d836-45fe-a3e6-abf59942e66f",
            "name": "migrator-default-sg",
            "region": "RegionOne",
            "stateful": true,
            "tags": [],
            "tenant_id": "5740943465ca4c5aa496a21f626655c3",
            "timeouts": null
          },
          "sensitive_attributes": [],
          "identity_schema_version": 0,
          "private": "eyJlMmJmYjczMC1lY2FhLTExZTYtOGY4OC0zNDM2M2JjN2M0YzAiOnsiZGVsZXRlIjo2MDAwMDAwMDAwMDB9fQ=="
        }
      ]
    }
  ],
  "check_results": null
}
